
Microsoft Visual Studio Solution File, Format Version 11.00
# Visual Studio 2010
Project("{FAE04EC0-301F-11D3-BF4B-00C04F79EFBC}") = "PROJECTO 2D", "Assembly-CSharp.csproj", "{F4AB3E75-A6CE-4B13-5940-CC6361E073E3}"
EndProject
Global
	GlobalSection(SolutionConfigurationPlatforms) = preSolution
		Debug|Any CPU = Debug|Any CPU
		Release|Any CPU = Release|Any CPU
	EndGlobalSection
	GlobalSection(ProjectConfigurationPlatforms) = postSolution
		{F4AB3E75-A6CE-4B13-5940-CC6361E073E3}.Debug|Any CPU.ActiveCfg = Debug|Any CPU
		{F4AB3E75-A6CE-4B13-5940-CC6361E073E3}.Debug|Any CPU.Build.0 = Debug|Any CPU
		{F4AB3E75-A6CE-4B13-5940-CC6361E073E3}.Release|Any CPU.ActiveCfg = Release|Any CPU
		{F4AB3E75-A6CE-4B13-5940-CC6361E073E3}.Release|Any CPU.Build.0 = Release|Any CPU
	EndGlobalSection
	GlobalSection(SolutionProperties) = preSolution
		HideSolutionNode = FALSE
	EndGlobalSection
	GlobalSection(MonoDevelopProperties) = preSolution
		StartupItem = Assembly-CSharp.csproj
	EndGlobalSection
EndGlobal
